PODS:
  - ReactiveSwift (4.0.0):
    - Result (~> 4.0)
  - ReactiveSwifty (1.0.1):
    - ReactiveSwift (~> 4.0)
  - Result (4.1.0)
  - SwiftLint (0.29.4)
  - Texture/Core (2.7)

DEPENDENCIES:
  - ReactiveSwifty (~> 1.0)
  - SwiftLint (~> 0.28)
  - Texture/Core (~> 2.7)

SPEC REPOS:
  https://github.com/cocoapods/specs.git:
    - ReactiveSwift
    - ReactiveSwifty
    - Result
    - SwiftLint
    - Texture

SPEC CHECKSUMS:
  ReactiveSwift: a2bb9ace428a109e9c0209615645d9d286c8c433
  ReactiveSwifty: ae1142a03dc0209b059e08ecc5a330e7eccbe6a9
  Result: bd966fac789cc6c1563440b348ab2598cc24d5c7
  SwiftLint: 73f2ecfd0f6d812c8cb9a73c00fe809bc2504585
  Texture: 9d7e38965cf22ccd7cd9c249dd78b3f14e70ab6c

PODFILE CHECKSUM: 116bde54df0a350363ebed8c09598b995fa6eabd

COCOAPODS: 1.5.3
